# This file was autogenerated by Stack.
# You should not edit this file by hand.
# For more information, please see the documentation at:
#   https://docs.haskellstack.org/en/stable/lock_files

packages:
- completed:
    cabal-file:
      size: 1164
      sha256: 43cf0fcbf3e2297e1b7b4b243c722d6e9ce39857549a1c323563ec7793592d73
    name: mecab
    version: 0.4.0
    git: https://github.com/aiya000/hsmecab
    pantry-tree:
      size: 455
      sha256: 4d6b0a1354d0ab549dc83ad27b6b2b8e517915febfe72dd63c2f2a9598cb61b1
    commit: 40b990637fe10d0a9911b26df1c2b91deb152c6e
  original:
    git: https://github.com/aiya000/hsmecab
    commit: 40b990637fe10d0a9911b26df1c2b91deb152c6e
snapshots:
- completed:
    size: 525662
    url: https://raw.githubusercontent.com/commercialhaskell/stackage-snapshots/master/lts/14/15.yaml
    sha256: c5e673e5723931b64ef2eb5004f6d9ea3c95b58d48388dbc4de6f66b97c81f7a
  original: lts-14.15
